
Microsoft Visual Studio Solution File, Format Version 12.00
# Visual Studio 15
VisualStudioVersion = 15.0.28307.1062
MinimumVisualStudioVersion = 10.0.40219.1
Project("{FAE04EC0-301F-11D3-BF4B-00C04F79EFBC}") = "Exercicio_Composicao2", "Exercicio_Composicao2\Exercicio_Composicao2.csproj", "{388A3D23-FC11-4B29-A58B-C03473205373}"
EndProject
Global
	GlobalSection(SolutionConfigurationPlatforms) = preSolution
		Debug|Any CPU = Debug|Any CPU
		Release|Any CPU = Release|Any CPU
	EndGlobalSection
	GlobalSection(ProjectConfigurationPlatforms) = postSolution
		{388A3D23-FC11-4B29-A58B-C03473205373}.Debug|Any CPU.ActiveCfg = Debug|Any CPU
		{388A3D23-FC11-4B29-A58B-C03473205373}.Debug|Any CPU.Build.0 = Debug|Any CPU
		{388A3D23-FC11-4B29-A58B-C03473205373}.Release|Any CPU.ActiveCfg = Release|Any CPU
		{388A3D23-FC11-4B29-A58B-C03473205373}.Release|Any CPU.Build.0 = Release|Any CPU
	EndGlobalSection
	GlobalSection(SolutionProperties) = preSolution
		HideSolutionNode = FALSE
	EndGlobalSection
	GlobalSection(ExtensibilityGlobals) = postSolution
		SolutionGuid = {1ACAE0C4-CD23-4B8F-9482-79427BFBC59D}
	EndGlobalSection
EndGlobal
